<?xml version="1.0" encoding="utf-8"?>
<Project ToolsVersion="4.0" xmlns="http://schemas.microsoft.com/developer/msbuild/2003">
  <ItemGroup>
    <ClCompile Include="Source.cpp">
      <Filter>Source Files</Filter>
    </ClCompile>
    <ClCompile Include="FileManager.cpp">
      <Filter>data</Filter>
    </ClCompile>
    <ClCompile Include="Game.cpp">
      <Filter>Source Files</Filter>
    </ClCompile>
    <ClCompile Include="StarLevel.cpp">
      <Filter>data</Filter>
    </ClCompile>
    <ClCompile Include="Levelblueprint.cpp">
      <Filter>data</Filter>
    </ClCompile>
    <ClCompile Include="LevelsManager.cpp">
      <Filter>data</Filter>
    </ClCompile>
    <ClCompile Include="src\Botom.cpp">
      <Filter>src</Filter>
    </ClCompile>
    <ClCompile Include="src\EnemyFactory.cpp">
      <Filter>src</Filter>
    </ClCompile>
    <ClCompile Include="src\FileManager.cpp">
      <Filter>src</Filter>
    </ClCompile>
    <ClCompile Include="src\FlyingFoogaFoog.cpp">
      <Filter>src</Filter>
    </ClCompile>
    <ClCompile Include="src\Game.cpp">
      <Filter>src</Filter>
    </ClCompile>
    <ClCompile Include="src\Levelblueprint.cpp">
      <Filter>src</Filter>
    </ClCompile>
    <ClCompile Include="src\LevelsManager.cpp">
      <Filter>src</Filter>
    </ClCompile>
    <ClCompile Include="src\Loginscreen.cpp">
      <Filter>src</Filter>
    </ClCompile>
    <ClCompile Include="src\Player.cpp">
      <Filter>src</Filter>
    </ClCompile>
    <ClCompile Include="src\sfmlcolours.cpp">
      <Filter>src</Filter>
    </ClCompile>
    <ClCompile Include="src\SnowBall.cpp">
      <Filter>src</Filter>
    </ClCompile>
    <ClCompile Include="src\StarLevel.cpp">
      <Filter>src</Filter>
    </ClCompile>
    <ClCompile Include="src\Tornado.cpp">
      <Filter>src</Filter>
    </ClCompile>
    <ClCompile Include="Source.cpp" />
  </ItemGroup>
  <ItemGroup>
    <Filter Include="src">
      <UniqueIdentifier>{276ee559-4812-44a4-a8fe-ddbd592c3df6}</UniqueIdentifier>
    </Filter>
    <Filter Include="include">
      <UniqueIdentifier>{c22991e9-1015-4654-a1b1-7d4f8146038b}</UniqueIdentifier>
    </Filter>
  </ItemGroup>
  <ItemGroup>
    <ClInclude Include="include\Botom.h">
      <Filter>include</Filter>
    </ClInclude>
    <ClInclude Include="include\Collectable.h">
      <Filter>include</Filter>
    </ClInclude>
    <ClInclude Include="include\Enemy.h">
      <Filter>include</Filter>
    </ClInclude>
    <ClInclude Include="include\EnemyFactory.h">
      <Filter>include</Filter>
    </ClInclude>
    <ClInclude Include="include\Entity.h">
      <Filter>include</Filter>
    </ClInclude>
    <ClInclude Include="include\EventBus.h">
      <Filter>include</Filter>
    </ClInclude>
    <ClInclude Include="include\FileManager.h">
      <Filter>include</Filter>
    </ClInclude>
    <ClInclude Include="include\FlyingFoogaFoog.h">
      <Filter>include</Filter>
    </ClInclude>
    <ClInclude Include="include\Gamakichi.h">
      <Filter>include</Filter>
    </ClInclude>
    <ClInclude Include="include\Game.h">
      <Filter>include</Filter>
    </ClInclude>
    <ClInclude Include="include\GameLevel.h">
      <Filter>include</Filter>
    </ClInclude>
    <ClInclude Include="include\GameOverScreen.h">
      <Filter>include</Filter>
    </ClInclude>
    <ClInclude Include="include\GameState.h">
      <Filter>include</Filter>
    </ClInclude>
    <ClInclude Include="include\GameStateManager.h">
      <Filter>include</Filter>
    </ClInclude>
    <ClInclude Include="include\GemSystem.h">
      <Filter>include</Filter>
    </ClInclude>
    <ClInclude Include="include\HUD.h">
      <Filter>include</Filter>
    </ClInclude>
    <ClInclude Include="include\InputManager.h">
      <Filter>include</Filter>
    </ClInclude>
    <ClInclude Include="include\KeyBindings.h">
      <Filter>include</Filter>
    </ClInclude>
    <ClInclude Include="include\KeyRemapScreen.h">
      <Filter>include</Filter>
    </ClInclude>
    <ClInclude Include="include\Leaderboard.h">
      <Filter>include</Filter>
    </ClInclude>
    <ClInclude Include="include\LeaderboardScreen.h">
      <Filter>include</Filter>
    </ClInclude>
    <ClInclude Include="include\Levelblueprint.h">
      <Filter>include</Filter>
    </ClInclude>
    <ClInclude Include="include\LevelLayout.h">
      <Filter>include</Filter>
    </ClInclude>
    <ClInclude Include="include\LevelSelection.h">
      <Filter>include</Filter>
    </ClInclude>
    <ClInclude Include="include\LevelsManager.h">
      <Filter>include</Filter>
    </ClInclude>
    <ClInclude Include="include\LoginScreen.h">
      <Filter>include</Filter>
    </ClInclude>
    <ClInclude Include="include\MainMenu.h">
      <Filter>include</Filter>
    </ClInclude>
    <ClInclude Include="include\Mogera.h">
      <Filter>include</Filter>
    </ClInclude>
    <ClInclude Include="include\PasswordHasher.h">
      <Filter>include</Filter>
    </ClInclude>
    <ClInclude Include="include\PauseScreen.h">
      <Filter>include</Filter>
    </ClInclude>
    <ClInclude Include="include\Platform.h">
      <Filter>include</Filter>
    </ClInclude>
    <ClInclude Include="include\Player.h">
      <Filter>include</Filter>
    </ClInclude>
    <ClInclude Include="include\PlayerData.h">
      <Filter>include</Filter>
    </ClInclude>
    <ClInclude Include="include\PoweUp.h">
      <Filter>include</Filter>
    </ClInclude>
    <ClInclude Include="include\Projectile.h">
      <Filter>include</Filter>
    </ClInclude>
    <ClInclude Include="include\ScoreSystem.h">
      <Filter>include</Filter>
    </ClInclude>
    <ClInclude Include="include\sfmlcolours.h">
      <Filter>include</Filter>
    </ClInclude>
    <ClInclude Include="include\ShopSystem.h">
      <Filter>include</Filter>
    </ClInclude>
    <ClInclude Include="include\Signupscreen.h">
      <Filter>include</Filter>
    </ClInclude>
    <ClInclude Include="include\Snowball.h">
      <Filter>include</Filter>
    </ClInclude>
    <ClInclude Include="include\SoundManager.h">
      <Filter>include</Filter>
    </ClInclude>
    <ClInclude Include="include\SplashScreen.h">
      <Filter>include</Filter>
    </ClInclude>
    <ClInclude Include="include\StarLevel.h">
      <Filter>include</Filter>
    </ClInclude>
    <ClInclude Include="include\StarLevelScreen.h">
      <Filter>include</Filter>
    </ClInclude>
    <ClInclude Include="include\Tornado.h">
      <Filter>include</Filter>
    </ClInclude>
  </ItemGroup>
</Project>