<?xml version="1.0" encoding="utf-8"?>
<Project ToolsVersion="4.0" xmlns="http://schemas.microsoft.com/developer/msbuild/2003">
  <ItemGroup>
    <ClCompile Include="Game.cpp" />
    <ClCompile Include="FileManager.cpp" />
    <ClCompile Include="Levelblueprint.cpp" />
    <ClCompile Include="LevelsManager.cpp" />
    <ClCompile Include="StarLevel.cpp" />
    <ClCompile Include="ShopScreen.cpp" />
    <ClCompile Include="Source.cpp" />
  </ItemGroup>
  <ItemGroup>
<<<<<<< HEAD
    <ClCompile Include="Source.cpp">
      <Filter>Source Files</Filter>
    </ClCompile>
    <ClCompile Include="FileManager.cpp">
      <Filter>data</Filter>
    </ClCompile>
    <ClCompile Include="Game.cpp">
      <Filter>Source Files</Filter>
    </ClCompile>
    <ClCompile Include="StarLevel.cpp">
      <Filter>data</Filter>
    </ClCompile>
    <ClCompile Include="Levelblueprint.cpp">
      <Filter>data</Filter>
    </ClCompile>
    <ClCompile Include="LevelsManager.cpp">
      <Filter>data</Filter>
    </ClCompile>
  </ItemGroup>
  <ItemGroup>
    <ClInclude Include="PlayerData.h">
      <Filter>data</Filter>
    </ClInclude>
    <ClInclude Include="FileManager.h">
      <Filter>data</Filter>
    </ClInclude>
    <ClInclude Include="GemSystem.h">
      <Filter>data</Filter>
    </ClInclude>
    <ClInclude Include="GameState.h">
      <Filter>Header Files</Filter>
    </ClInclude>
    <ClInclude Include="GameStateManager.h">
      <Filter>Header Files</Filter>
    </ClInclude>
    <ClInclude Include="InputManager.h">
      <Filter>Header Files</Filter>
    </ClInclude>
    <ClInclude Include="Game.h">
      <Filter>Header Files</Filter>
    </ClInclude>
    <ClInclude Include="..\..\src\entities\Entity.h">
      <Filter>Header Files</Filter>
    </ClInclude>
    <ClInclude Include="..\..\src\entities\Enemy.h">
      <Filter>Header Files</Filter>
    </ClInclude>
    <ClInclude Include="..\..\src\entities\Projectile.h">
      <Filter>Header Files</Filter>
    </ClInclude>
    <ClInclude Include="Levelblueprint.h">
      <Filter>Header Files</Filter>
    </ClInclude>
    <ClInclude Include="LevelsManager.h">
      <Filter>Header Files</Filter>
    </ClInclude>
    <ClInclude Include="ShopSystem.h">
      <Filter>Header Files</Filter>
    </ClInclude>
    <ClInclude Include="StarLevel.h">
      <Filter>Header Files</Filter>
    </ClInclude>
    <ClInclude Include="..\..\src\entities\PoweUp.h">
      <Filter>Header Files</Filter>
    </ClInclude>
    <ClInclude Include="..\..\src\core\EventBus.h">
      <Filter>Header Files</Filter>
    </ClInclude>
=======
    <ClInclude Include="..\..\src\entities\Enemy.h" />
    <ClInclude Include="..\..\src\entities\Entity.h" />
    <ClInclude Include="..\..\src\entities\Projectile.h" />
    <ClInclude Include="FileManager.h" />
    <ClInclude Include="Game.h" />
    <ClInclude Include="GameState.h" />
    <ClInclude Include="GameStateManager.h" />
    <ClInclude Include="GemSystem.h" />
    <ClInclude Include="InputManager.h" />
    <ClInclude Include="Levelblueprint.h" />
    <ClInclude Include="LevelsManager.h" />
    <ClInclude Include="PlayerData.h" />
    <ClInclude Include="ShopSystem.h" />
    <ClInclude Include="StarLevel.h" />
>>>>>>> fd27c65a39722099563c0a5b073c7daebe84ffd3
  </ItemGroup>
</Project>